{
  "name": "@jonny/eslint-config",
  "version": "1.1.5",
  "lockfileVersion": 1,
  "requires": true,
  "dependencies": {
    "eslint-config-xo": {
      "version": "0.25.0",
      "resolved": "https://registry.npmjs.org/eslint-config-xo/-/eslint-config-xo-0.25.0.tgz",
      "integrity": "sha512-bViV+I3smPWzzhI15U9PIk5CTt1Ym/GqdtRMIK/LePqp0yKLgw+WC51bBZEPgrKcib79uwwOLVPrv+nzoJJj+g=="
    },
    "eslint-config-xo-react": {
      "version": "0.17.0",
      "resolved": "https://registry.npmjs.org/eslint-config-xo-react/-/eslint-config-xo-react-0.17.0.tgz",
      "integrity": "sha512-ML/RiB4xih5fch0m4o9JnIZS6++pksyAde/zNkM1p8FTw71RpKbx9lpLzYUFbg+0QgepHN/rUeUxRAnNIOwblA=="
    }
  }
}
